[[package]]
name = "appnope"
version = "0.1.2"
description = "Disable App Nap on macOS >= 10.9"
category = "dev"
optional = false
python-versions = "*"

[[package]]
name = "atomicwrites"
version = "1.4.0"
description = "Atomic file writes."
category = "dev"
optional = false
python-versions = ">=2.7, !=3.0.*, !=3.1.*, !=3.2.*, !=3.3.*"

[[package]]
name = "attrs"
version = "21.2.0"
description = "Classes Without Boilerplate"
category = "dev"
optional = false
python-versions = ">=2.7, !=3.0.*, !=3.1.*, !=3.2.*, !=3.3.*, !=3.4.*"

[package.extras]
dev = ["coverage[toml] (>=5.0.2)", "hypothesis", "pympler", "pytest (>=4.3.0)", "six", "mypy", "pytest-mypy-plugins", "zope.interface", "furo", "sphinx", "sphinx-notfound-page", "pre-commit"]
docs = ["furo", "sphinx", "zope.interface", "sphinx-notfound-page"]
tests = ["coverage[toml] (>=5.0.2)", "hypothesis", "pympler", "pytest (>=4.3.0)", "six", "mypy", "pytest-mypy-plugins", "zope.interface"]
tests_no_zope = ["coverage[toml] (>=5.0.2)", "hypothesis", "pympler", "pytest (>=4.3.0)", "six", "mypy", "pytest-mypy-plugins"]

[[package]]
name = "backcall"
version = "0.2.0"
description = "Specifications for callback functions passed in to an API"
category = "dev"
optional = false
python-versions = "*"

[[package]]
name = "certifi"
version = "2021.5.30"
description = "Python package for providing Mozilla's CA Bundle."
category = "dev"
optional = false
python-versions = "*"

[[package]]
name = "colorama"
version = "0.4.4"
description = "Cross-platform colored terminal text."
category = "dev"
optional = false
python-versions = ">=2.7, !=3.0.*, !=3.1.*, !=3.2.*, !=3.3.*, !=3.4.*"

[[package]]
name = "decorator"
version = "5.0.9"
description = "Decorators for Humans"
category = "dev"
optional = false
python-versions = ">=3.5"

[[package]]
name = "flake8"
version = "3.9.2"
description = "the modular source code checker: pep8 pyflakes and co"
category = "dev"
optional = false
python-versions = "!=3.0.*,!=3.1.*,!=3.2.*,!=3.3.*,!=3.4.*,>=2.7"

[package.dependencies]
mccabe = ">=0.6.0,<0.7.0"
pycodestyle = ">=2.7.0,<2.8.0"
pyflakes = ">=2.3.0,<2.4.0"

[[package]]
name = "iniconfig"
version = "1.1.1"
description = "iniconfig: brain-dead simple config-ini parsing"
category = "dev"
optional = false
python-versions = "*"

[[package]]
name = "ipython"
version = "7.26.0"
description = "IPython: Productive Interactive Computing"
category = "dev"
optional = false
python-versions = ">=3.7"

[package.dependencies]
appnope = {version = "*", markers = "sys_platform == \"darwin\""}
backcall = "*"
colorama = {version = "*", markers = "sys_platform == \"win32\""}
decorator = "*"
jedi = ">=0.16"
matplotlib-inline = "*"
pexpect = {version = ">4.3", markers = "sys_platform != \"win32\""}
pickleshare = "*"
prompt-toolkit = ">=2.0.0,<3.0.0 || >3.0.0,<3.0.1 || >3.0.1,<3.1.0"
pygments = "*"
traitlets = ">=4.2"

[package.extras]
all = ["Sphinx (>=1.3)", "ipykernel", "ipyparallel", "ipywidgets", "nbconvert", "nbformat", "nose (>=0.10.1)", "notebook", "numpy (>=1.17)", "pygments", "qtconsole", "requests", "testpath"]
doc = ["Sphinx (>=1.3)"]
kernel = ["ipykernel"]
nbconvert = ["nbconvert"]
nbformat = ["nbformat"]
notebook = ["notebook", "ipywidgets"]
parallel = ["ipyparallel"]
qtconsole = ["qtconsole"]
test = ["nose (>=0.10.1)", "requests", "testpath", "pygments", "nbformat", "ipykernel", "numpy (>=1.17)"]

[[package]]
name = "ipython-genutils"
version = "0.2.0"
description = "Vestigial utilities from IPython"
category = "dev"
optional = false
python-versions = "*"

[[package]]
name = "isort"
version = "5.9.3"
description = "A Python utility / library to sort Python imports."
category = "dev"
optional = false
python-versions = ">=3.6.1,<4.0"

[package.extras]
pipfile_deprecated_finder = ["pipreqs", "requirementslib"]
requirements_deprecated_finder = ["pipreqs", "pip-api"]
colors = ["colorama (>=0.4.3,<0.5.0)"]
plugins = ["setuptools"]

[[package]]
name = "jedi"
version = "0.18.0"
description = "An autocompletion tool for Python that can be used for text editors."
category = "dev"
optional = false
python-versions = ">=3.6"

[package.dependencies]
parso = ">=0.8.0,<0.9.0"

[package.extras]
qa = ["flake8 (==3.8.3)", "mypy (==0.782)"]
testing = ["Django (<3.1)", "colorama", "docopt", "pytest (<6.0.0)"]

[[package]]
name = "matplotlib-inline"
version = "0.1.2"
description = "Inline Matplotlib backend for Jupyter"
category = "dev"
optional = false
python-versions = ">=3.5"

[package.dependencies]
traitlets = "*"

[[package]]
name = "mccabe"
version = "0.6.1"
description = "McCabe checker, plugin for flake8"
category = "dev"
optional = false
python-versions = "*"

[[package]]
name = "mypy"
version = "0.910"
description = "Optional static typing for Python"
category = "dev"
optional = false
python-versions = ">=3.5"

[package.dependencies]
mypy-extensions = ">=0.4.3,<0.5.0"
toml = "*"
typing-extensions = ">=3.7.4"

[package.extras]
dmypy = ["psutil (>=4.0)"]
python2 = ["typed-ast (>=1.4.0,<1.5.0)"]

[[package]]
name = "mypy-extensions"
version = "0.4.3"
description = "Experimental type system extensions for programs checked with the mypy typechecker."
category = "dev"
optional = false
python-versions = "*"

[[package]]
name = "packaging"
version = "21.0"
description = "Core utilities for Python packages"
category = "dev"
optional = false
python-versions = ">=3.6"

[package.dependencies]
pyparsing = ">=2.0.2"

[[package]]
name = "parso"
version = "0.8.2"
description = "A Python Parser"
category = "dev"
optional = false
python-versions = ">=3.6"

[package.extras]
qa = ["flake8 (==3.8.3)", "mypy (==0.782)"]
testing = ["docopt", "pytest (<6.0.0)"]

[[package]]
name = "pexpect"
version = "4.8.0"
description = "Pexpect allows easy control of interactive console applications."
category = "dev"
optional = false
python-versions = "*"

[package.dependencies]
ptyprocess = ">=0.5"

[[package]]
name = "pickleshare"
version = "0.7.5"
description = "Tiny 'shelve'-like database with concurrency support"
category = "dev"
optional = false
python-versions = "*"

[[package]]
name = "pluggy"
version = "0.13.1"
description = "plugin and hook calling mechanisms for python"
category = "dev"
optional = false
python-versions = ">=2.7, !=3.0.*, !=3.1.*, !=3.2.*, !=3.3.*"

[package.extras]
dev = ["pre-commit", "tox"]

[[package]]
name = "prompt-toolkit"
version = "3.0.19"
description = "Library for building powerful interactive command lines in Python"
category = "dev"
optional = false
python-versions = ">=3.6.1"

[package.dependencies]
wcwidth = "*"

[[package]]
name = "ptyprocess"
version = "0.7.0"
description = "Run a subprocess in a pseudo terminal"
category = "dev"
optional = false
python-versions = "*"

[[package]]
name = "py"
version = "1.10.0"
description = "library with cross-python path, ini-parsing, io, code, log facilities"
category = "dev"
optional = false
python-versions = ">=2.7, !=3.0.*, !=3.1.*, !=3.2.*, !=3.3.*"

[[package]]
name = "pycodestyle"
version = "2.7.0"
description = "Python style guide checker"
category = "dev"
optional = false
python-versions = ">=2.7, !=3.0.*, !=3.1.*, !=3.2.*, !=3.3.*"

[[package]]
name = "pyflakes"
version = "2.3.1"
description = "passive checker of Python programs"
category = "dev"
optional = false
python-versions = ">=2.7, !=3.0.*, !=3.1.*, !=3.2.*, !=3.3.*"

[[package]]
name = "pygments"
version = "2.9.0"
description = "Pygments is a syntax highlighting package written in Python."
category = "dev"
optional = false
python-versions = ">=3.5"

[[package]]
name = "pyparsing"
version = "2.4.7"
description = "Python parsing module"
category = "dev"
optional = false
python-versions = ">=2.6, !=3.0.*, !=3.1.*, !=3.2.*"

[[package]]
name = "pytest"
version = "6.2.4"
description = "pytest: simple powerful testing with Python"
category = "dev"
optional = false
python-versions = ">=3.6"

[package.dependencies]
atomicwrites = {version = ">=1.0", markers = "sys_platform == \"win32\""}
attrs = ">=19.2.0"
colorama = {version = "*", markers = "sys_platform == \"win32\""}
iniconfig = "*"
packaging = "*"
pluggy = ">=0.12,<1.0.0a1"
py = ">=1.8.2"
toml = "*"

[package.extras]
testing = ["argcomplete", "hypothesis (>=3.56)", "mock", "nose", "requests", "xmlschema"]

[[package]]
name = "pytest-asyncio"
version = "0.15.1"
description = "Pytest support for asyncio."
category = "dev"
optional = false
python-versions = ">= 3.6"

[package.dependencies]
pytest = ">=5.4.0"

[package.extras]
testing = ["coverage", "hypothesis (>=5.7.1)"]

[[package]]
name = "six"
version = "1.16.0"
description = "Python 2 and 3 compatibility utilities"
category = "dev"
optional = false
python-versions = ">=2.7, !=3.0.*, !=3.1.*, !=3.2.*"

[[package]]
name = "toml"
version = "0.10.2"
description = "Python Library for Tom's Obvious, Minimal Language"
category = "dev"
optional = false
python-versions = ">=2.6, !=3.0.*, !=3.1.*, !=3.2.*"

[[package]]
name = "traitlets"
version = "5.0.5"
description = "Traitlets Python configuration system"
category = "dev"
optional = false
python-versions = ">=3.7"

[package.dependencies]
ipython-genutils = "*"

[package.extras]
test = ["pytest"]

[[package]]
name = "typing-extensions"
version = "3.10.0.0"
description = "Backported and Experimental Type Hints for Python 3.5+"
category = "dev"
optional = false
python-versions = "*"

[[package]]
name = "uamqp"
version = "1.4.1"
description = "AMQP 1.0 Client Library for Python"
category = "dev"
optional = false
python-versions = ">=2.7,!=3.0.*,!=3.1.*,!=3.2.*,!=3.3.*"

[package.dependencies]
certifi = ">=2017.4.17"
six = ">=1.0,<2.0"

[[package]]
name = "wcwidth"
version = "0.2.5"
description = "Measures the displayed width of unicode strings in a terminal"
category = "dev"
optional = false
python-versions = "*"

[metadata]
lock-version = "1.1"
python-versions = "^3.9"
content-hash = "d32cb9778ce92ec13f6263e1b75a35fec91cabbbce17bb24985f356da8798f16"

[metadata.files]
appnope = [
    {file = "appnope-0.1.2-py2.py3-none-any.whl", hash = "sha256:93aa393e9d6c54c5cd570ccadd8edad61ea0c4b9ea7a01409020c9aa019eb442"},
    {file = "appnope-0.1.2.tar.gz", hash = "sha256:dd83cd4b5b460958838f6eb3000c660b1f9caf2a5b1de4264e941512f603258a"},
]
atomicwrites = [
    {file = "atomicwrites-1.4.0-py2.py3-none-any.whl", hash = "sha256:6d1784dea7c0c8d4a5172b6c620f40b6e4cbfdf96d783691f2e1302a7b88e197"},
    {file = "atomicwrites-1.4.0.tar.gz", hash = "sha256:ae70396ad1a434f9c7046fd2dd196fc04b12f9e91ffb859164193be8b6168a7a"},
]
attrs = [
    {file = "attrs-21.2.0-py2.py3-none-any.whl", hash = "sha256:149e90d6d8ac20db7a955ad60cf0e6881a3f20d37096140088356da6c716b0b1"},
    {file = "attrs-21.2.0.tar.gz", hash = "sha256:ef6aaac3ca6cd92904cdd0d83f629a15f18053ec84e6432106f7a4d04ae4f5fb"},
]
backcall = [
    {file = "backcall-0.2.0-py2.py3-none-any.whl", hash = "sha256:fbbce6a29f263178a1f7915c1940bde0ec2b2a967566fe1c65c1dfb7422bd255"},
    {file = "backcall-0.2.0.tar.gz", hash = "sha256:5cbdbf27be5e7cfadb448baf0aa95508f91f2bbc6c6437cd9cd06e2a4c215e1e"},
]
certifi = [
    {file = "certifi-2021.5.30-py2.py3-none-any.whl", hash = "sha256:50b1e4f8446b06f41be7dd6338db18e0990601dce795c2b1686458aa7e8fa7d8"},
    {file = "certifi-2021.5.30.tar.gz", hash = "sha256:2bbf76fd432960138b3ef6dda3dde0544f27cbf8546c458e60baf371917ba9ee"},
]
colorama = [
    {file = "colorama-0.4.4-py2.py3-none-any.whl", hash = "sha256:9f47eda37229f68eee03b24b9748937c7dc3868f906e8ba69fbcbdd3bc5dc3e2"},
    {file = "colorama-0.4.4.tar.gz", hash = "sha256:5941b2b48a20143d2267e95b1c2a7603ce057ee39fd88e7329b0c292aa16869b"},
]
decorator = [
    {file = "decorator-5.0.9-py3-none-any.whl", hash = "sha256:6e5c199c16f7a9f0e3a61a4a54b3d27e7dad0dbdde92b944426cb20914376323"},
    {file = "decorator-5.0.9.tar.gz", hash = "sha256:72ecfba4320a893c53f9706bebb2d55c270c1e51a28789361aa93e4a21319ed5"},
]
flake8 = [
    {file = "flake8-3.9.2-py2.py3-none-any.whl", hash = "sha256:bf8fd333346d844f616e8d47905ef3a3384edae6b4e9beb0c5101e25e3110907"},
    {file = "flake8-3.9.2.tar.gz", hash = "sha256:07528381786f2a6237b061f6e96610a4167b226cb926e2aa2b6b1d78057c576b"},
]
iniconfig = [
    {file = "iniconfig-1.1.1-py2.py3-none-any.whl", hash = "sha256:011e24c64b7f47f6ebd835bb12a743f2fbe9a26d4cecaa7f53bc4f35ee9da8b3"},
    {file = "iniconfig-1.1.1.tar.gz", hash = "sha256:bc3af051d7d14b2ee5ef9969666def0cd1a000e121eaea580d4a313df4b37f32"},
]
ipython = [
    {file = "ipython-7.26.0-py3-none-any.whl", hash = "sha256:892743b65c21ed72b806a3a602cca408520b3200b89d1924f4b3d2cdb3692362"},
    {file = "ipython-7.26.0.tar.gz", hash = "sha256:0cff04bb042800129348701f7bd68a430a844e8fb193979c08f6c99f28bb735e"},
]
ipython-genutils = [
    {file = "ipython_genutils-0.2.0-py2.py3-none-any.whl", hash = "sha256:72dd37233799e619666c9f639a9da83c34013a73e8bbc79a7a6348d93c61fab8"},
    {file = "ipython_genutils-0.2.0.tar.gz", hash = "sha256:eb2e116e75ecef9d4d228fdc66af54269afa26ab4463042e33785b887c628ba8"},
]
isort = [
    {file = "isort-5.9.3-py3-none-any.whl", hash = "sha256:e17d6e2b81095c9db0a03a8025a957f334d6ea30b26f9ec70805411e5c7c81f2"},
    {file = "isort-5.9.3.tar.gz", hash = "sha256:9c2ea1e62d871267b78307fe511c0838ba0da28698c5732d54e2790bf3ba9899"},
]
jedi = [
    {file = "jedi-0.18.0-py2.py3-none-any.whl", hash = "sha256:18456d83f65f400ab0c2d3319e48520420ef43b23a086fdc05dff34132f0fb93"},
    {file = "jedi-0.18.0.tar.gz", hash = "sha256:92550a404bad8afed881a137ec9a461fed49eca661414be45059329614ed0707"},
]
matplotlib-inline = [
    {file = "matplotlib-inline-0.1.2.tar.gz", hash = "sha256:f41d5ff73c9f5385775d5c0bc13b424535c8402fe70ea8210f93e11f3683993e"},
    {file = "matplotlib_inline-0.1.2-py3-none-any.whl", hash = "sha256:5cf1176f554abb4fa98cb362aa2b55c500147e4bdbb07e3fda359143e1da0811"},
]
mccabe = [
    {file = "mccabe-0.6.1-py2.py3-none-any.whl", hash = "sha256:ab8a6258860da4b6677da4bd2fe5dc2c659cff31b3ee4f7f5d64e79735b80d42"},
    {file = "mccabe-0.6.1.tar.gz", hash = "sha256:dd8d182285a0fe56bace7f45b5e7d1a6ebcbf524e8f3bd87eb0f125271b8831f"},
]
mypy = [
    {file = "mypy-0.910-cp35-cp35m-macosx_10_9_x86_64.whl", hash = "sha256:a155d80ea6cee511a3694b108c4494a39f42de11ee4e61e72bc424c490e46457"},
    {file = "mypy-0.910-cp35-cp35m-manylinux1_x86_64.whl", hash = "sha256:b94e4b785e304a04ea0828759172a15add27088520dc7e49ceade7834275bedb"},
    {file = "mypy-0.910-cp35-cp35m-manylinux2010_x86_64.whl", hash = "sha256:088cd9c7904b4ad80bec811053272986611b84221835e079be5bcad029e79dd9"},
    {file = "mypy-0.910-cp35-cp35m-win_amd64.whl", hash = "sha256:adaeee09bfde366d2c13fe6093a7df5df83c9a2ba98638c7d76b010694db760e"},
    {file = "mypy-0.910-cp36-cp36m-macosx_10_9_x86_64.whl", hash = "sha256:ecd2c3fe726758037234c93df7e98deb257fd15c24c9180dacf1ef829da5f921"},
    {file = "mypy-0.910-cp36-cp36m-manylinux1_x86_64.whl", hash = "sha256:d9dd839eb0dc1bbe866a288ba3c1afc33a202015d2ad83b31e875b5905a079b6"},
    {file = "mypy-0.910-cp36-cp36m-manylinux2010_x86_64.whl", hash = "sha256:3e382b29f8e0ccf19a2df2b29a167591245df90c0b5a2542249873b5c1d78212"},
    {file = "mypy-0.910-cp36-cp36m-win_amd64.whl", hash = "sha256:53fd2eb27a8ee2892614370896956af2ff61254c275aaee4c230ae771cadd885"},
    {file = "mypy-0.910-cp37-cp37m-macosx_10_9_x86_64.whl", hash = "sha256:b6fb13123aeef4a3abbcfd7e71773ff3ff1526a7d3dc538f3929a49b42be03f0"},
    {file = "mypy-0.910-cp37-cp37m-manylinux1_x86_64.whl", hash = "sha256:e4dab234478e3bd3ce83bac4193b2ecd9cf94e720ddd95ce69840273bf44f6de"},
    {file = "mypy-0.910-cp37-cp37m-manylinux2010_x86_64.whl", hash = "sha256:7df1ead20c81371ccd6091fa3e2878559b5c4d4caadaf1a484cf88d93ca06703"},
    {file = "mypy-0.910-cp37-cp37m-win_amd64.whl", hash = "sha256:0aadfb2d3935988ec3815952e44058a3100499f5be5b28c34ac9d79f002a4a9a"},
    {file = "mypy-0.910-cp38-cp38-macosx_10_9_x86_64.whl", hash = "sha256:ec4e0cd079db280b6bdabdc807047ff3e199f334050db5cbb91ba3e959a67504"},
    {file = "mypy-0.910-cp38-cp38-manylinux1_x86_64.whl", hash = "sha256:119bed3832d961f3a880787bf621634ba042cb8dc850a7429f643508eeac97b9"},
    {file = "mypy-0.910-cp38-cp38-manylinux2010_x86_64.whl", hash = "sha256:866c41f28cee548475f146aa4d39a51cf3b6a84246969f3759cb3e9c742fc072"},
    {file = "mypy-0.910-cp38-cp38-win_amd64.whl", hash = "sha256:ceb6e0a6e27fb364fb3853389607cf7eb3a126ad335790fa1e14ed02fba50811"},
    {file = "mypy-0.910-cp39-cp39-macosx_10_9_x86_64.whl", hash = "sha256:1a85e280d4d217150ce8cb1a6dddffd14e753a4e0c3cf90baabb32cefa41b59e"},
    {file = "mypy-0.910-cp39-cp39-macosx_11_0_arm64.whl", hash = "sha256:42c266ced41b65ed40a282c575705325fa7991af370036d3f134518336636f5b"},
    {file = "mypy-0.910-cp39-cp39-manylinux1_x86_64.whl", hash = "sha256:3c4b8ca36877fc75339253721f69603a9c7fdb5d4d5a95a1a1b899d8b86a4de2"},
    {file = "mypy-0.910-cp39-cp39-manylinux2010_x86_64.whl", hash = "sha256:c0df2d30ed496a08de5daed2a9ea807d07c21ae0ab23acf541ab88c24b26ab97"},
    {file = "mypy-0.910-cp39-cp39-win_amd64.whl", hash = "sha256:c6c2602dffb74867498f86e6129fd52a2770c48b7cd3ece77ada4fa38f94eba8"},
    {file = "mypy-0.910-py3-none-any.whl", hash = "sha256:ef565033fa5a958e62796867b1df10c40263ea9ded87164d67572834e57a174d"},
    {file = "mypy-0.910.tar.gz", hash = "sha256:704098302473cb31a218f1775a873b376b30b4c18229421e9e9dc8916fd16150"},
]
mypy-extensions = [
    {file = "mypy_extensions-0.4.3-py2.py3-none-any.whl", hash = "sha256:090fedd75945a69ae91ce1303b5824f428daf5a028d2f6ab8a299250a846f15d"},
    {file = "mypy_extensions-0.4.3.tar.gz", hash = "sha256:2d82818f5bb3e369420cb3c4060a7970edba416647068eb4c5343488a6c604a8"},
]
packaging = [
    {file = "packaging-21.0-py3-none-any.whl", hash = "sha256:c86254f9220d55e31cc94d69bade760f0847da8000def4dfe1c6b872fd14ff14"},
    {file = "packaging-21.0.tar.gz", hash = "sha256:7dc96269f53a4ccec5c0670940a4281106dd0bb343f47b7471f779df49c2fbe7"},
]
parso = [
    {file = "parso-0.8.2-py2.py3-none-any.whl", hash = "sha256:a8c4922db71e4fdb90e0d0bc6e50f9b273d3397925e5e60a717e719201778d22"},
    {file = "parso-0.8.2.tar.gz", hash = "sha256:12b83492c6239ce32ff5eed6d3639d6a536170723c6f3f1506869f1ace413398"},
]
pexpect = [
    {file = "pexpect-4.8.0-py2.py3-none-any.whl", hash = "sha256:0b48a55dcb3c05f3329815901ea4fc1537514d6ba867a152b581d69ae3710937"},
    {file = "pexpect-4.8.0.tar.gz", hash = "sha256:fc65a43959d153d0114afe13997d439c22823a27cefceb5ff35c2178c6784c0c"},
]
pickleshare = [
    {file = "pickleshare-0.7.5-py2.py3-none-any.whl", hash = "sha256:9649af414d74d4df115d5d718f82acb59c9d418196b7b4290ed47a12ce62df56"},
    {file = "pickleshare-0.7.5.tar.gz", hash = "sha256:87683d47965c1da65cdacaf31c8441d12b8044cdec9aca500cd78fc2c683afca"},
]
pluggy = [
    {file = "pluggy-0.13.1-py2.py3-none-any.whl", hash = "sha256:966c145cd83c96502c3c3868f50408687b38434af77734af1e9ca461a4081d2d"},
    {file = "pluggy-0.13.1.tar.gz", hash = "sha256:15b2acde666561e1298d71b523007ed7364de07029219b604cf808bfa1c765b0"},
]
prompt-toolkit = [
    {file = "prompt_toolkit-3.0.19-py3-none-any.whl", hash = "sha256:7089d8d2938043508aa9420ec18ce0922885304cddae87fb96eebca942299f88"},
    {file = "prompt_toolkit-3.0.19.tar.gz", hash = "sha256:08360ee3a3148bdb5163621709ee322ec34fc4375099afa4bbf751e9b7b7fa4f"},
]
ptyprocess = [
    {file = "ptyprocess-0.7.0-py2.py3-none-any.whl", hash = "sha256:4b41f3967fce3af57cc7e94b888626c18bf37a083e3651ca8feeb66d492fef35"},
    {file = "ptyprocess-0.7.0.tar.gz", hash = "sha256:5c5d0a3b48ceee0b48485e0c26037c0acd7d29765ca3fbb5cb3831d347423220"},
]
py = [
    {file = "py-1.10.0-py2.py3-none-any.whl", hash = "sha256:3b80836aa6d1feeaa108e046da6423ab8f6ceda6468545ae8d02d9d58d18818a"},
    {file = "py-1.10.0.tar.gz", hash = "sha256:21b81bda15b66ef5e1a777a21c4dcd9c20ad3efd0b3f817e7a809035269e1bd3"},
]
pycodestyle = [
    {file = "pycodestyle-2.7.0-py2.py3-none-any.whl", hash = "sha256:514f76d918fcc0b55c6680472f0a37970994e07bbb80725808c17089be302068"},
    {file = "pycodestyle-2.7.0.tar.gz", hash = "sha256:c389c1d06bf7904078ca03399a4816f974a1d590090fecea0c63ec26ebaf1cef"},
]
pyflakes = [
    {file = "pyflakes-2.3.1-py2.py3-none-any.whl", hash = "sha256:7893783d01b8a89811dd72d7dfd4d84ff098e5eed95cfa8905b22bbffe52efc3"},
    {file = "pyflakes-2.3.1.tar.gz", hash = "sha256:f5bc8ecabc05bb9d291eb5203d6810b49040f6ff446a756326104746cc00c1db"},
]
pygments = [
    {file = "Pygments-2.9.0-py3-none-any.whl", hash = "sha256:d66e804411278594d764fc69ec36ec13d9ae9147193a1740cd34d272ca383b8e"},
    {file = "Pygments-2.9.0.tar.gz", hash = "sha256:a18f47b506a429f6f4b9df81bb02beab9ca21d0a5fee38ed15aef65f0545519f"},
]
pyparsing = [
    {file = "pyparsing-2.4.7-py2.py3-none-any.whl", hash = "sha256:ef9d7589ef3c200abe66653d3f1ab1033c3c419ae9b9bdb1240a85b024efc88b"},
    {file = "pyparsing-2.4.7.tar.gz", hash = "sha256:c203ec8783bf771a155b207279b9bccb8dea02d8f0c9e5f8ead507bc3246ecc1"},
]
pytest = [
    {file = "pytest-6.2.4-py3-none-any.whl", hash = "sha256:91ef2131a9bd6be8f76f1f08eac5c5317221d6ad1e143ae03894b862e8976890"},
    {file = "pytest-6.2.4.tar.gz", hash = "sha256:50bcad0a0b9c5a72c8e4e7c9855a3ad496ca6a881a3641b4260605450772c54b"},
]
pytest-asyncio = [
    {file = "pytest-asyncio-0.15.1.tar.gz", hash = "sha256:2564ceb9612bbd560d19ca4b41347b54e7835c2f792c504f698e05395ed63f6f"},
    {file = "pytest_asyncio-0.15.1-py3-none-any.whl", hash = "sha256:3042bcdf1c5d978f6b74d96a151c4cfb9dcece65006198389ccd7e6c60eb1eea"},
]
six = [
    {file = "six-1.16.0-py2.py3-none-any.whl", hash = "sha256:8abb2f1d86890a2dfb989f9a77cfcfd3e47c2a354b01111771326f8aa26e0254"},
    {file = "six-1.16.0.tar.gz", hash = "sha256:1e61c37477a1626458e36f7b1d82aa5c9b094fa4802892072e49de9c60c4c926"},
]
toml = [
    {file = "toml-0.10.2-py2.py3-none-any.whl", hash = "sha256:806143ae5bfb6a3c6e736a764057db0e6a0e05e338b5630894a5f779cabb4f9b"},
    {file = "toml-0.10.2.tar.gz", hash = "sha256:b3bda1d108d5dd99f4a20d24d9c348e91c4db7ab1b749200bded2f839ccbe68f"},
]
traitlets = [
    {file = "traitlets-5.0.5-py3-none-any.whl", hash = "sha256:69ff3f9d5351f31a7ad80443c2674b7099df13cc41fc5fa6e2f6d3b0330b0426"},
    {file = "traitlets-5.0.5.tar.gz", hash = "sha256:178f4ce988f69189f7e523337a3e11d91c786ded9360174a3d9ca83e79bc5396"},
]
typing-extensions = [
    {file = "typing_extensions-3.10.0.0-py2-none-any.whl", hash = "sha256:0ac0f89795dd19de6b97debb0c6af1c70987fd80a2d62d1958f7e56fcc31b497"},
    {file = "typing_extensions-3.10.0.0-py3-none-any.whl", hash = "sha256:779383f6086d90c99ae41cf0ff39aac8a7937a9283ce0a414e5dd782f4c94a84"},
    {file = "typing_extensions-3.10.0.0.tar.gz", hash = "sha256:50b6f157849174217d0656f99dc82fe932884fb250826c18350e159ec6cdf342"},
]
uamqp = [
    {file = "uamqp-1.4.1-cp27-cp27m-macosx_10_9_x86_64.whl", hash = "sha256:cc98b0869ec2334a6e68a76ccdec8d42e6c983e41a7b69016ded3d2d787ccb7b"},
    {file = "uamqp-1.4.1-cp27-cp27m-manylinux1_x86_64.whl", hash = "sha256:e77d8544c3dd0ccb324b16600809db4c76e66a1c99315a0358a84ae4b8ef8dbe"},
    {file = "uamqp-1.4.1-cp27-cp27m-manylinux2010_x86_64.whl", hash = "sha256:ff551fd745c3ccbbf5a2ac69228462e532c4c396e403056020bd6d39cc984906"},
    {file = "uamqp-1.4.1-cp27-cp27m-win32.whl", hash = "sha256:e402e1c578121245912bf33e805581714a54e32b40e4b6a22a0a513ee8965797"},
    {file = "uamqp-1.4.1-cp27-cp27m-win_amd64.whl", hash = "sha256:55cea81e1fbe2f4bdb3dc20a96467e55cb3ba5fff56b20a7664bd52a616b405f"},
    {file = "uamqp-1.4.1-cp27-cp27mu-manylinux1_x86_64.whl", hash = "sha256:ab3be8a3df2ec0dc90a4d2fbf370baaa0651732f6ee958c69c4c7eb2a46d874f"},
    {file = "uamqp-1.4.1-cp27-cp27mu-manylinux2010_x86_64.whl", hash = "sha256:b37569e1ccd6b1d21ea9eb462e8f4096bbdf37b35566380ba5fc7e6f57728157"},
    {file = "uamqp-1.4.1-cp36-cp36m-macosx_10_9_x86_64.whl", hash = "sha256:3fc90444ad2802a859c52d36c386ab536f823cb20792c1da10dcf2565f319ed0"},
    {file = "uamqp-1.4.1-cp36-cp36m-manylinux1_x86_64.whl", hash = "sha256:1741835a5ca59bb5a964b7435244d05780554a59741c4aabcab9a468eaaa45a9"},
    {file = "uamqp-1.4.1-cp36-cp36m-manylinux2010_x86_64.whl", hash = "sha256:5b294f672c31df9cbf1fbc4a3190608e4572af536c2421e5fad7692f6e2f717d"},
    {file = "uamqp-1.4.1-cp36-cp36m-win32.whl", hash = "sha256:c0d55faf9161ea0fce8f7dea650f9e40deaf704020a67fd42907e7b94d9acbe7"},
    {file = "uamqp-1.4.1-cp36-cp36m-win_amd64.whl", hash = "sha256:8dacd02024fe5d80e66350bfb87f46df5eb6e8ecf44473efad04a56e5c951571"},
    {file = "uamqp-1.4.1-cp37-cp37m-macosx_10_9_x86_64.whl", hash = "sha256:66cecb4997ad88958c9869dc00aa2c218fd75026e003f86fc0988708b9f6e283"},
    {file = "uamqp-1.4.1-cp37-cp37m-manylinux1_x86_64.whl", hash = "sha256:df4f467632e0e71c395e34468b8318e2ba3286dd7a4eb6e18775ca40455e76af"},
    {file = "uamqp-1.4.1-cp37-cp37m-manylinux2010_x86_64.whl", hash = "sha256:3d5eebdde6e8e818f0095f1f38e3ce89d6c8e515d08ea11797a37789befaf44f"},
    {file = "uamqp-1.4.1-cp37-cp37m-win32.whl", hash = "sha256:d36d2a70950c7415febb8b2cd17142773feff8f20e92b24723864e7072e14700"},
    {file = "uamqp-1.4.1-cp37-cp37m-win_amd64.whl", hash = "sha256:4055db2bed47eefcd06e1be7d9b135f39d2c016acf2387de194a08f3baf9347e"},
    {file = "uamqp-1.4.1-cp38-cp38-macosx_10_9_x86_64.whl", hash = "sha256:3ca63e88e2b5881cb7201a63a95d85ce5018dc9c42bc31e20ce375dfcac4c178"},
    {file = "uamqp-1.4.1-cp38-cp38-manylinux1_x86_64.whl", hash = "sha256:7733a304939c00ad385affd325d63a080ba18e1e5f58593086dfb7002056aee0"},
    {file = "uamqp-1.4.1-cp38-cp38-manylinux2010_x86_64.whl", hash = "sha256:38f7d5c53149a7604833ffe3d6ccc7f8b968a914d0fcbd1545c2e64930ca52c6"},
    {file = "uamqp-1.4.1-cp38-cp38-win32.whl", hash = "sha256:286c54b84525a0c12cb1fd65634bdf0767c04dcf0c8e2c099eb0f427856a7161"},
    {file = "uamqp-1.4.1-cp38-cp38-win_amd64.whl", hash = "sha256:45407f5c126b04f817b43462235cf13b129949f0c383221bcd53bf82dceb2f9e"},
    {file = "uamqp-1.4.1-cp39-cp39-macosx_10_9_x86_64.whl", hash = "sha256:6648c6b39f0af22967cb68f14b56abc7b8097f802aab3155d4baa31a1c39bfcf"},
    {file = "uamqp-1.4.1-cp39-cp39-manylinux1_x86_64.whl", hash = "sha256:fc7f54c9495ff79a1c555e660e4284944c2550be513000fea5084826d6dde869"},
    {file = "uamqp-1.4.1-cp39-cp39-manylinux2010_x86_64.whl", hash = "sha256:7658a70bc6f3049a67e33dda3b01f90dc96a401cb549166bea28cd5db5d67352"},
    {file = "uamqp-1.4.1-cp39-cp39-win32.whl", hash = "sha256:ab32db91529eb5bde13ae015396a285a1fa236694536a53f18f1d2b6351d1307"},
    {file = "uamqp-1.4.1-cp39-cp39-win_amd64.whl", hash = "sha256:a083c8166945559a0334f5615c45fdd331bf4b4e47fa684ae24ec16076843d75"},
    {file = "uamqp-1.4.1.tar.gz", hash = "sha256:24d1a5a6ed87bf04c657bed69c0405caf2489877ac13647e6703009619729365"},
]
wcwidth = [
    {file = "wcwidth-0.2.5-py2.py3-none-any.whl", hash = "sha256:beb4802a9cebb9144e99086eff703a642a13d6a0052920003a230f3294bbe784"},
    {file = "wcwidth-0.2.5.tar.gz", hash = "sha256:c4d647b99872929fdb7bdcaa4fbe7f01413ed3d98077df798530e5b04f116c83"},
]
